
Microsoft Visual Studio Solution File, Format Version 12.00
# Visual Studio Version 16
VisualStudioVersion = 16.0.31829.152
MinimumVisualStudioVersion = 10.0.40219.1
Project("{FAE04EC0-301F-11D3-BF4B-00C04F79EFBC}") = "HostListe", "HostListe\HostListe.csproj", "{2BD277E8-3026-406B-938B-BD8B6C1AE391}"
EndProject
Global
	GlobalSection(SolutionConfigurationPlatforms) = preSolution
		Debug|Any CPU = Debug|Any CPU
		Release|Any CPU = Release|Any CPU
	EndGlobalSection
	GlobalSection(ProjectConfigurationPlatforms) = postSolution
		{2BD277E8-3026-406B-938B-BD8B6C1AE391}.Debug|Any CPU.ActiveCfg = Debug|Any CPU
		{2BD277E8-3026-406B-938B-BD8B6C1AE391}.Debug|Any CPU.Build.0 = Debug|Any CPU
		{2BD277E8-3026-406B-938B-BD8B6C1AE391}.Release|Any CPU.ActiveCfg = Release|Any CPU
		{2BD277E8-3026-406B-938B-BD8B6C1AE391}.Release|Any CPU.Build.0 = Release|Any CPU
	EndGlobalSection
	GlobalSection(SolutionProperties) = preSolution
		HideSolutionNode = FALSE
	EndGlobalSection
	GlobalSection(ExtensibilityGlobals) = postSolution
		SolutionGuid = {2A33F46D-970D-4B9E-9A7F-982859C5FB21}
	EndGlobalSection
EndGlobal
