
Microsoft Visual Studio Solution File, Format Version 12.00
# Visual Studio Version 16
VisualStudioVersion = 16.0.30804.86
MinimumVisualStudioVersion = 10.0.40219.1
Project("{FAE04EC0-301F-11D3-BF4B-00C04F79EFBC}") = "MeinErstes", "MeinErstes\MeinErstes.csproj", "{C510F211-C90B-42C2-948A-9FD63F767545}"
EndProject
Global
	GlobalSection(SolutionConfigurationPlatforms) = preSolution
		Debug|Any CPU = Debug|Any CPU
		Release|Any CPU = Release|Any CPU
	EndGlobalSection
	GlobalSection(ProjectConfigurationPlatforms) = postSolution
		{C510F211-C90B-42C2-948A-9FD63F767545}.Debug|Any CPU.ActiveCfg = Debug|Any CPU
		{C510F211-C90B-42C2-948A-9FD63F767545}.Debug|Any CPU.Build.0 = Debug|Any CPU
		{C510F211-C90B-42C2-948A-9FD63F767545}.Release|Any CPU.ActiveCfg = Release|Any CPU
		{C510F211-C90B-42C2-948A-9FD63F767545}.Release|Any CPU.Build.0 = Release|Any CPU
	EndGlobalSection
	GlobalSection(SolutionProperties) = preSolution
		HideSolutionNode = FALSE
	EndGlobalSection
	GlobalSection(ExtensibilityGlobals) = postSolution
		SolutionGuid = {AC5B708E-E73F-45DE-A904-2CCF5B07E3D8}
	EndGlobalSection
EndGlobal
