
Microsoft Visual Studio Solution File, Format Version 12.00
# Visual Studio Version 16
VisualStudioVersion = 16.0.30804.86
MinimumVisualStudioVersion = 10.0.40219.1
Project("{FAE04EC0-301F-11D3-BF4B-00C04F79EFBC}") = "Projekt Steuerelemente", "Projekt Steuerelemente\Projekt Steuerelemente.csproj", "{7AB33F9A-4EBC-4B03-906B-059AA93D64AB}"
EndProject
Global
	GlobalSection(SolutionConfigurationPlatforms) = preSolution
		Debug|Any CPU = Debug|Any CPU
		Release|Any CPU = Release|Any CPU
	EndGlobalSection
	GlobalSection(ProjectConfigurationPlatforms) = postSolution
		{7AB33F9A-4EBC-4B03-906B-059AA93D64AB}.Debug|Any CPU.ActiveCfg = Debug|Any CPU
		{7AB33F9A-4EBC-4B03-906B-059AA93D64AB}.Debug|Any CPU.Build.0 = Debug|Any CPU
		{7AB33F9A-4EBC-4B03-906B-059AA93D64AB}.Release|Any CPU.ActiveCfg = Release|Any CPU
		{7AB33F9A-4EBC-4B03-906B-059AA93D64AB}.Release|Any CPU.Build.0 = Release|Any CPU
	EndGlobalSection
	GlobalSection(SolutionProperties) = preSolution
		HideSolutionNode = FALSE
	EndGlobalSection
	GlobalSection(ExtensibilityGlobals) = postSolution
		SolutionGuid = {7A3F4903-E227-446E-8A45-011C9B2FEB5D}
	EndGlobalSection
EndGlobal
