
Microsoft Visual Studio Solution File, Format Version 12.00
# Visual Studio Version 16
VisualStudioVersion = 16.0.30804.86
MinimumVisualStudioVersion = 10.0.40219.1
Project("{FAE04EC0-301F-11D3-BF4B-00C04F79EFBC}") = "Laufzeitfehler", "Laufzeitfehler\Laufzeitfehler.csproj", "{670B3177-F7DB-479C-B5E6-3035EB7D86A8}"
EndProject
Global
	GlobalSection(SolutionConfigurationPlatforms) = preSolution
		Debug|Any CPU = Debug|Any CPU
		Release|Any CPU = Release|Any CPU
	EndGlobalSection
	GlobalSection(ProjectConfigurationPlatforms) = postSolution
		{670B3177-F7DB-479C-B5E6-3035EB7D86A8}.Debug|Any CPU.ActiveCfg = Debug|Any CPU
		{670B3177-F7DB-479C-B5E6-3035EB7D86A8}.Debug|Any CPU.Build.0 = Debug|Any CPU
		{670B3177-F7DB-479C-B5E6-3035EB7D86A8}.Release|Any CPU.ActiveCfg = Release|Any CPU
		{670B3177-F7DB-479C-B5E6-3035EB7D86A8}.Release|Any CPU.Build.0 = Release|Any CPU
	EndGlobalSection
	GlobalSection(SolutionProperties) = preSolution
		HideSolutionNode = FALSE
	EndGlobalSection
	GlobalSection(ExtensibilityGlobals) = postSolution
		SolutionGuid = {77AAB378-904E-4CFB-BDBE-33C47B7CF88C}
	EndGlobalSection
EndGlobal
