
Microsoft Visual Studio Solution File, Format Version 12.00
# Visual Studio Version 16
VisualStudioVersion = 16.0.31729.503
MinimumVisualStudioVersion = 10.0.40219.1
Project("{FAE04EC0-301F-11D3-BF4B-00C04F79EFBC}") = "KontaktbuchMitDatenbank", "KontaktbuchMitDatenbank\KontaktbuchMitDatenbank.csproj", "{DDA95E82-C6DC-4B29-A2A2-17289787261F}"
EndProject
Global
	GlobalSection(SolutionConfigurationPlatforms) = preSolution
		Debug|Any CPU = Debug|Any CPU
		Release|Any CPU = Release|Any CPU
	EndGlobalSection
	GlobalSection(ProjectConfigurationPlatforms) = postSolution
		{DDA95E82-C6DC-4B29-A2A2-17289787261F}.Debug|Any CPU.ActiveCfg = Debug|Any CPU
		{DDA95E82-C6DC-4B29-A2A2-17289787261F}.Debug|Any CPU.Build.0 = Debug|Any CPU
		{DDA95E82-C6DC-4B29-A2A2-17289787261F}.Release|Any CPU.ActiveCfg = Release|Any CPU
		{DDA95E82-C6DC-4B29-A2A2-17289787261F}.Release|Any CPU.Build.0 = Release|Any CPU
	EndGlobalSection
	GlobalSection(SolutionProperties) = preSolution
		HideSolutionNode = FALSE
	EndGlobalSection
	GlobalSection(ExtensibilityGlobals) = postSolution
		SolutionGuid = {09ED5A19-8E9B-4357-9242-5BCDA4A87B49}
	EndGlobalSection
EndGlobal
