
Microsoft Visual Studio Solution File, Format Version 12.00
# Visual Studio Version 16
VisualStudioVersion = 16.0.30804.86
MinimumVisualStudioVersion = 10.0.40219.1
Project("{FAE04EC0-301F-11D3-BF4B-00C04F79EFBC}") = "BMI-Rechner", "BMI-Rechner\BMI-Rechner.csproj", "{DF9930C2-C238-4EA4-B717-45273C09ADA7}"
EndProject
Global
	GlobalSection(SolutionConfigurationPlatforms) = preSolution
		Debug|Any CPU = Debug|Any CPU
		Release|Any CPU = Release|Any CPU
	EndGlobalSection
	GlobalSection(ProjectConfigurationPlatforms) = postSolution
		{DF9930C2-C238-4EA4-B717-45273C09ADA7}.Debug|Any CPU.ActiveCfg = Debug|Any CPU
		{DF9930C2-C238-4EA4-B717-45273C09ADA7}.Debug|Any CPU.Build.0 = Debug|Any CPU
		{DF9930C2-C238-4EA4-B717-45273C09ADA7}.Release|Any CPU.ActiveCfg = Release|Any CPU
		{DF9930C2-C238-4EA4-B717-45273C09ADA7}.Release|Any CPU.Build.0 = Release|Any CPU
	EndGlobalSection
	GlobalSection(SolutionProperties) = preSolution
		HideSolutionNode = FALSE
	EndGlobalSection
	GlobalSection(ExtensibilityGlobals) = postSolution
		SolutionGuid = {10946065-8154-40C6-835C-9209D9E82E3B}
	EndGlobalSection
EndGlobal
