
Microsoft Visual Studio Solution File, Format Version 12.00
# Visual Studio Version 16
VisualStudioVersion = 16.0.30804.86
MinimumVisualStudioVersion = 10.0.40219.1
Project("{FAE04EC0-301F-11D3-BF4B-00C04F79EFBC}") = "UHalbierung", "UHalbierung\UHalbierung.csproj", "{BE6DFC2B-0F6F-4688-93F4-A05475176C1C}"
EndProject
Global
	GlobalSection(SolutionConfigurationPlatforms) = preSolution
		Debug|Any CPU = Debug|Any CPU
		Release|Any CPU = Release|Any CPU
	EndGlobalSection
	GlobalSection(ProjectConfigurationPlatforms) = postSolution
		{BE6DFC2B-0F6F-4688-93F4-A05475176C1C}.Debug|Any CPU.ActiveCfg = Debug|Any CPU
		{BE6DFC2B-0F6F-4688-93F4-A05475176C1C}.Debug|Any CPU.Build.0 = Debug|Any CPU
		{BE6DFC2B-0F6F-4688-93F4-A05475176C1C}.Release|Any CPU.ActiveCfg = Release|Any CPU
		{BE6DFC2B-0F6F-4688-93F4-A05475176C1C}.Release|Any CPU.Build.0 = Release|Any CPU
	EndGlobalSection
	GlobalSection(SolutionProperties) = preSolution
		HideSolutionNode = FALSE
	EndGlobalSection
	GlobalSection(ExtensibilityGlobals) = postSolution
		SolutionGuid = {7881C4B8-2C26-4D29-9422-2F7DFDB1D221}
	EndGlobalSection
EndGlobal
