
Microsoft Visual Studio Solution File, Format Version 12.00
# Visual Studio Version 16
VisualStudioVersion = 16.0.30804.86
MinimumVisualStudioVersion = 10.0.40219.1
Project("{FAE04EC0-301F-11D3-BF4B-00C04F79EFBC}") = "Kontrollkaestchen", "Kontrollkaestchen\Kontrollkaestchen.csproj", "{0578E582-63D4-43F6-83F3-1C6C8421D38E}"
EndProject
Global
	GlobalSection(SolutionConfigurationPlatforms) = preSolution
		Debug|Any CPU = Debug|Any CPU
		Release|Any CPU = Release|Any CPU
	EndGlobalSection
	GlobalSection(ProjectConfigurationPlatforms) = postSolution
		{0578E582-63D4-43F6-83F3-1C6C8421D38E}.Debug|Any CPU.ActiveCfg = Debug|Any CPU
		{0578E582-63D4-43F6-83F3-1C6C8421D38E}.Debug|Any CPU.Build.0 = Debug|Any CPU
		{0578E582-63D4-43F6-83F3-1C6C8421D38E}.Release|Any CPU.ActiveCfg = Release|Any CPU
		{0578E582-63D4-43F6-83F3-1C6C8421D38E}.Release|Any CPU.Build.0 = Release|Any CPU
	EndGlobalSection
	GlobalSection(SolutionProperties) = preSolution
		HideSolutionNode = FALSE
	EndGlobalSection
	GlobalSection(ExtensibilityGlobals) = postSolution
		SolutionGuid = {A6802E7C-C197-4473-804D-C72FFF8B5FA0}
	EndGlobalSection
EndGlobal
