
Microsoft Visual Studio Solution File, Format Version 12.00
# Visual Studio Version 16
VisualStudioVersion = 16.0.31729.503
MinimumVisualStudioVersion = 10.0.40219.1
Project("{FAE04EC0-301F-11D3-BF4B-00C04F79EFBC}") = "Tic Tac Toe", "Tic Tac Toe\Tic Tac Toe.csproj", "{7956EAE0-C3A3-4A24-BD18-689AF797CE95}"
EndProject
Global
	GlobalSection(SolutionConfigurationPlatforms) = preSolution
		Debug|Any CPU = Debug|Any CPU
		Release|Any CPU = Release|Any CPU
	EndGlobalSection
	GlobalSection(ProjectConfigurationPlatforms) = postSolution
		{7956EAE0-C3A3-4A24-BD18-689AF797CE95}.Debug|Any CPU.ActiveCfg = Debug|Any CPU
		{7956EAE0-C3A3-4A24-BD18-689AF797CE95}.Debug|Any CPU.Build.0 = Debug|Any CPU
		{7956EAE0-C3A3-4A24-BD18-689AF797CE95}.Release|Any CPU.ActiveCfg = Release|Any CPU
		{7956EAE0-C3A3-4A24-BD18-689AF797CE95}.Release|Any CPU.Build.0 = Release|Any CPU
	EndGlobalSection
	GlobalSection(SolutionProperties) = preSolution
		HideSolutionNode = FALSE
	EndGlobalSection
	GlobalSection(ExtensibilityGlobals) = postSolution
		SolutionGuid = {419E33CB-5D0D-420E-9622-98A362A187C3}
	EndGlobalSection
EndGlobal
