
Microsoft Visual Studio Solution File, Format Version 12.00
# Visual Studio Version 16
VisualStudioVersion = 16.0.30804.86
MinimumVisualStudioVersion = 10.0.40219.1
Project("{FAE04EC0-301F-11D3-BF4B-00C04F79EFBC}") = "Schieberegler", "Schieberegler\Schieberegler.csproj", "{EC2FDC2E-059A-4A40-8FA9-46CAD84CD536}"
EndProject
Global
	GlobalSection(SolutionConfigurationPlatforms) = preSolution
		Debug|Any CPU = Debug|Any CPU
		Release|Any CPU = Release|Any CPU
	EndGlobalSection
	GlobalSection(ProjectConfigurationPlatforms) = postSolution
		{EC2FDC2E-059A-4A40-8FA9-46CAD84CD536}.Debug|Any CPU.ActiveCfg = Debug|Any CPU
		{EC2FDC2E-059A-4A40-8FA9-46CAD84CD536}.Debug|Any CPU.Build.0 = Debug|Any CPU
		{EC2FDC2E-059A-4A40-8FA9-46CAD84CD536}.Release|Any CPU.ActiveCfg = Release|Any CPU
		{EC2FDC2E-059A-4A40-8FA9-46CAD84CD536}.Release|Any CPU.Build.0 = Release|Any CPU
	EndGlobalSection
	GlobalSection(SolutionProperties) = preSolution
		HideSolutionNode = FALSE
	EndGlobalSection
	GlobalSection(ExtensibilityGlobals) = postSolution
		SolutionGuid = {765BF20C-978E-4B0D-9E35-C1A61FC82800}
	EndGlobalSection
EndGlobal
