
Microsoft Visual Studio Solution File, Format Version 12.00
# Visual Studio Version 16
VisualStudioVersion = 16.0.30804.86
MinimumVisualStudioVersion = 10.0.40219.1
Project("{FAE04EC0-301F-11D3-BF4B-00C04F79EFBC}") = "ListenfeldFuellen", "ListenfeldFuellen\ListenfeldFuellen.csproj", "{35929685-9077-4BB5-83B0-D4115DFCBFC9}"
EndProject
Global
	GlobalSection(SolutionConfigurationPlatforms) = preSolution
		Debug|Any CPU = Debug|Any CPU
		Release|Any CPU = Release|Any CPU
	EndGlobalSection
	GlobalSection(ProjectConfigurationPlatforms) = postSolution
		{35929685-9077-4BB5-83B0-D4115DFCBFC9}.Debug|Any CPU.ActiveCfg = Debug|Any CPU
		{35929685-9077-4BB5-83B0-D4115DFCBFC9}.Debug|Any CPU.Build.0 = Debug|Any CPU
		{35929685-9077-4BB5-83B0-D4115DFCBFC9}.Release|Any CPU.ActiveCfg = Release|Any CPU
		{35929685-9077-4BB5-83B0-D4115DFCBFC9}.Release|Any CPU.Build.0 = Release|Any CPU
	EndGlobalSection
	GlobalSection(SolutionProperties) = preSolution
		HideSolutionNode = FALSE
	EndGlobalSection
	GlobalSection(ExtensibilityGlobals) = postSolution
		SolutionGuid = {E55F44FC-8BE2-440F-BD46-B6E2DAD92EE5}
	EndGlobalSection
EndGlobal
