
Microsoft Visual Studio Solution File, Format Version 12.00
# Visual Studio Version 16
VisualStudioVersion = 16.0.30804.86
MinimumVisualStudioVersion = 10.0.40219.1
Project("{FAE04EC0-301F-11D3-BF4B-00C04F79EFBC}") = "ButtonEndlos", "ButtonEndlos\ButtonEndlos.csproj", "{ED901F43-7F9E-4580-8CE7-8DD0436C7A4A}"
EndProject
Global
	GlobalSection(SolutionConfigurationPlatforms) = preSolution
		Debug|Any CPU = Debug|Any CPU
		Release|Any CPU = Release|Any CPU
	EndGlobalSection
	GlobalSection(ProjectConfigurationPlatforms) = postSolution
		{ED901F43-7F9E-4580-8CE7-8DD0436C7A4A}.Debug|Any CPU.ActiveCfg = Debug|Any CPU
		{ED901F43-7F9E-4580-8CE7-8DD0436C7A4A}.Debug|Any CPU.Build.0 = Debug|Any CPU
		{ED901F43-7F9E-4580-8CE7-8DD0436C7A4A}.Release|Any CPU.ActiveCfg = Release|Any CPU
		{ED901F43-7F9E-4580-8CE7-8DD0436C7A4A}.Release|Any CPU.Build.0 = Release|Any CPU
	EndGlobalSection
	GlobalSection(SolutionProperties) = preSolution
		HideSolutionNode = FALSE
	EndGlobalSection
	GlobalSection(ExtensibilityGlobals) = postSolution
		SolutionGuid = {53C05EF3-72C2-4AB2-BDF7-6657A32DCF79}
	EndGlobalSection
EndGlobal
