
Microsoft Visual Studio Solution File, Format Version 12.00
# Visual Studio Version 17
VisualStudioVersion = 17.1.32407.343
MinimumVisualStudioVersion = 10.0.40219.1
Project("{FAE04EC0-301F-11D3-BF4B-00C04F79EFBC}") = "Polymorphie", "Polymorphie\Polymorphie.csproj", "{061994E3-7FE1-4AB2-9A0E-D8831557AB95}"
EndProject
Global
	GlobalSection(SolutionConfigurationPlatforms) = preSolution
		Debug|Any CPU = Debug|Any CPU
		Release|Any CPU = Release|Any CPU
	EndGlobalSection
	GlobalSection(ProjectConfigurationPlatforms) = postSolution
		{061994E3-7FE1-4AB2-9A0E-D8831557AB95}.Debug|Any CPU.ActiveCfg = Debug|Any CPU
		{061994E3-7FE1-4AB2-9A0E-D8831557AB95}.Debug|Any CPU.Build.0 = Debug|Any CPU
		{061994E3-7FE1-4AB2-9A0E-D8831557AB95}.Release|Any CPU.ActiveCfg = Release|Any CPU
		{061994E3-7FE1-4AB2-9A0E-D8831557AB95}.Release|Any CPU.Build.0 = Release|Any CPU
	EndGlobalSection
	GlobalSection(SolutionProperties) = preSolution
		HideSolutionNode = FALSE
	EndGlobalSection
	GlobalSection(ExtensibilityGlobals) = postSolution
		SolutionGuid = {56BE0776-B48E-4B67-A20B-68A9CC721075}
	EndGlobalSection
EndGlobal
