
Microsoft Visual Studio Solution File, Format Version 12.00
# Visual Studio Version 16
VisualStudioVersion = 16.0.30804.86
MinimumVisualStudioVersion = 10.0.40219.1
Project("{FAE04EC0-301F-11D3-BF4B-00C04F79EFBC}") = "ExceptionHandling", "ExceptionHandling\ExceptionHandling.csproj", "{B62FB7E4-95D7-432F-98B7-8356EA2A7B7C}"
EndProject
Global
	GlobalSection(SolutionConfigurationPlatforms) = preSolution
		Debug|Any CPU = Debug|Any CPU
		Release|Any CPU = Release|Any CPU
	EndGlobalSection
	GlobalSection(ProjectConfigurationPlatforms) = postSolution
		{B62FB7E4-95D7-432F-98B7-8356EA2A7B7C}.Debug|Any CPU.ActiveCfg = Debug|Any CPU
		{B62FB7E4-95D7-432F-98B7-8356EA2A7B7C}.Debug|Any CPU.Build.0 = Debug|Any CPU
		{B62FB7E4-95D7-432F-98B7-8356EA2A7B7C}.Release|Any CPU.ActiveCfg = Release|Any CPU
		{B62FB7E4-95D7-432F-98B7-8356EA2A7B7C}.Release|Any CPU.Build.0 = Release|Any CPU
	EndGlobalSection
	GlobalSection(SolutionProperties) = preSolution
		HideSolutionNode = FALSE
	EndGlobalSection
	GlobalSection(ExtensibilityGlobals) = postSolution
		SolutionGuid = {28384E6B-7735-49FF-8814-73E0ED9670E9}
	EndGlobalSection
EndGlobal
